
Microsoft Visual Studio Solution File, Format Version 12.00
# Visual Studio Version 16
VisualStudioVersion = 16.0.30011.22
MinimumVisualStudioVersion = 10.0.40219.1
Project("{FAE04EC0-301F-11D3-BF4B-00C04F79EFBC}") = "TEST2", "TEST2\TEST2.csproj", "{A2C48D00-0BE7-471E-A403-AE133AC3B9A2}"
EndProject
Global
	GlobalSection(SolutionConfigurationPlatforms) = preSolution
		Debug|Any CPU = Debug|Any CPU
		Release|Any CPU = Release|Any CPU
	EndGlobalSection
	GlobalSection(ProjectConfigurationPlatforms) = postSolution
		{A2C48D00-0BE7-471E-A403-AE133AC3B9A2}.Debug|Any CPU.ActiveCfg = Debug|Any CPU
		{A2C48D00-0BE7-471E-A403-AE133AC3B9A2}.Debug|Any CPU.Build.0 = Debug|Any CPU
		{A2C48D00-0BE7-471E-A403-AE133AC3B9A2}.Release|Any CPU.ActiveCfg = Release|Any CPU
		{A2C48D00-0BE7-471E-A403-AE133AC3B9A2}.Release|Any CPU.Build.0 = Release|Any CPU
	EndGlobalSection
	GlobalSection(SolutionProperties) = preSolution
		HideSolutionNode = FALSE
	EndGlobalSection
	GlobalSection(ExtensibilityGlobals) = postSolution
		SolutionGuid = {E1A85D1C-EE1A-4BCC-97B4-28F5024DFE98}
	EndGlobalSection
EndGlobal
